
Microsoft Visual Studio Solution File, Format Version 12.00
# Visual Studio Version 16
VisualStudioVersion = 16.0.30406.217
MinimumVisualStudioVersion = 10.0.40219.1
Project("{FAE04EC0-301F-11D3-BF4B-00C04F79EFBC}") = "GenericCollections", "GenericCollections\GenericCollections.csproj", "{0EA77064-DB88-49BB-B3E7-B0EC5AEAF0B0}"
EndProject
Global
	GlobalSection(SolutionConfigurationPlatforms) = preSolution
		Debug|Any CPU = Debug|Any CPU
		Release|Any CPU = Release|Any CPU
	EndGlobalSection
	GlobalSection(ProjectConfigurationPlatforms) = postSolution
		{0EA77064-DB88-49BB-B3E7-B0EC5AEAF0B0}.Debug|Any CPU.ActiveCfg = Debug|Any CPU
		{0EA77064-DB88-49BB-B3E7-B0EC5AEAF0B0}.Debug|Any CPU.Build.0 = Debug|Any CPU
		{0EA77064-DB88-49BB-B3E7-B0EC5AEAF0B0}.Release|Any CPU.ActiveCfg = Release|Any CPU
		{0EA77064-DB88-49BB-B3E7-B0EC5AEAF0B0}.Release|Any CPU.Build.0 = Release|Any CPU
	EndGlobalSection
	GlobalSection(SolutionProperties) = preSolution
		HideSolutionNode = FALSE
	EndGlobalSection
	GlobalSection(ExtensibilityGlobals) = postSolution
		SolutionGuid = {D460F04E-EB6E-4248-B403-458C24ECBBE7}
	EndGlobalSection
EndGlobal
